
Microsoft Visual Studio Solution File, Format Version 12.00
# Visual Studio Version 17
VisualStudioVersion = 17.5.33502.453
MinimumVisualStudioVersion = 10.0.40219.1
Project("{FAE04EC0-301F-11D3-BF4B-00C04F79EFBC}") = "fixlahyah", "fixlahyah\fixlahyah.csproj", "{ADFD2134-17FA-4454-9617-C3F1F89D028F}"
EndProject
Global
	GlobalSection(SolutionConfigurationPlatforms) = preSolution
		Debug|Any CPU = Debug|Any CPU
		Release|Any CPU = Release|Any CPU
	EndGlobalSection
	GlobalSection(ProjectConfigurationPlatforms) = postSolution
		{ADFD2134-17FA-4454-9617-C3F1F89D028F}.Debug|Any CPU.ActiveCfg = Debug|Any CPU
		{ADFD2134-17FA-4454-9617-C3F1F89D028F}.Debug|Any CPU.Build.0 = Debug|Any CPU
		{ADFD2134-17FA-4454-9617-C3F1F89D028F}.Release|Any CPU.ActiveCfg = Release|Any CPU
		{ADFD2134-17FA-4454-9617-C3F1F89D028F}.Release|Any CPU.Build.0 = Release|Any CPU
	EndGlobalSection
	GlobalSection(SolutionProperties) = preSolution
		HideSolutionNode = FALSE
	EndGlobalSection
	GlobalSection(ExtensibilityGlobals) = postSolution
		SolutionGuid = {4EB19DE1-C2AC-442E-87AD-A23A1F55BE97}
	EndGlobalSection
EndGlobal
